// !$*UTF8*$!
{
	archiveVersion = 1;
	classes = {
	};
	objectVersion = 46;
	objects = {

/* Begin PBXBuildFile section */
		C00702551F68A1830090F71D /* Contato.m in Sources */ = {isa = PBXBuildFile; fileRef = C00702541F68A1830090F71D /* Contato.m */; };
		C00702571F68B0470090F71D /* ContatoDao.swift in Sources */ = {isa = PBXBuildFile; fileRef = C00702561F68B0470090F71D /* ContatoDao.swift */; };
		C02F76821F68BF360034A0E6 /* ListaContatosViewController.swift in Sources */ = {isa = PBXBuildFile; fileRef = C02F76811F68BF360034A0E6 /* ListaContatosViewController.swift */; };
		C0893F451F67699500A8200A /* AppDelegate.swift in Sources */ = {isa = PBXBuildFile; fileRef = C0893F441F67699500A8200A /* AppDelegate.swift */; };
		C0893F471F67699500A8200A /* FormularioContatoViewController.swift in Sources */ = {isa = PBXBuildFile; fileRef = C0893F461F67699500A8200A /* FormularioContatoViewController.swift */; };
		C0893F4A1F67699500A8200A /* Main.storyboard in Resources */ = {isa = PBXBuildFile; fileRef = C0893F481F67699500A8200A /* Main.storyboard */; };
		C0893F4D1F67699600A8200A /* ContatosIP67.xcdatamodeld in Sources */ = {isa = PBXBuildFile; fileRef = C0893F4B1F67699500A8200A /* ContatosIP67.xcdatamodeld */; };
		C0893F4F1F67699600A8200A /* Assets.xcassets in Resources */ = {isa = PBXBuildFile; fileRef = C0893F4E1F67699600A8200A /* Assets.xcassets */; };
		C0893F521F67699600A8200A /* LaunchScreen.storyboard in Resources */ = {isa = PBXBuildFile; fileRef = C0893F501F67699600A8200A /* LaunchScreen.storyboard */; };
		C0893F5D1F67699600A8200A /* ContatosIP67Tests.swift in Sources */ = {isa = PBXBuildFile; fileRef = C0893F5C1F67699600A8200A /* ContatosIP67Tests.swift */; };
		C0893F681F67699600A8200A /* ContatosIP67UITests.swift in Sources */ = {isa = PBXBuildFile; fileRef = C0893F671F67699600A8200A /* ContatosIP67UITests.swift */; };
		C0FAB0251F6A101D0099B90D /* FormularioContatoViewControllerDelegate.swift in Sources */ = {isa = PBXBuildFile; fileRef = C0FAB0241F6A101D0099B90D /* FormularioContatoViewControllerDelegate.swift */; };
/* End PBXBuildFile section */

/* Begin PBXContainerItemProxy section */
		C0893F591F67699600A8200A /* PBXContainerItemProxy */ = {
			isa = PBXContainerItemProxy;
			containerPortal = C0893F391F67699500A8200A /* Project object */;
			proxyType = 1;
			remoteGlobalIDString = C0893F401F67699500A8200A;
			remoteInfo = ContatosIP67;
		};
		C0893F641F67699600A8200A /* PBXContainerItemProxy */ = {
			isa = PBXContainerItemProxy;
			containerPortal = C0893F391F67699500A8200A /* Project object */;
			proxyType = 1;
			remoteGlobalIDString = C0893F401F67699500A8200A;
			remoteInfo = ContatosIP67;
		};
/* End PBXContainerItemProxy section */

/* Begin PBXFileReference section */
		C00702521F68A1830090F71D /* ContatosIP67-Bridging-Header.h */ = {isa = PBXFileReference; lastKnownFileType = sourcecode.c.h; path = "ContatosIP67-Bridging-Header.h"; sourceTree = "<group>"; };
		C00702531F68A1830090F71D /* Contato.h */ = {isa = PBXFileReference; fileEncoding = 4; lastKnownFileType = sourcecode.c.h; path = Contato.h; sourceTree = "<group>"; };
		C00702541F68A1830090F71D /* Contato.m */ = {isa = PBXFileReference; fileEncoding = 4; lastKnownFileType = sourcecode.c.objc; path = Contato.m; sourceTree = "<group>"; };
		C00702561F68B0470090F71D /* ContatoDao.swift */ = {isa = PBXFileReference; fileEncoding = 4; lastKnownFileType = sourcecode.swift; path = ContatoDao.swift; sourceTree = "<group>"; };
		C02F76811F68BF360034A0E6 /* ListaContatosViewController.swift */ = {isa = PBXFileReference; fileEncoding = 4; lastKnownFileType = sourcecode.swift; path = ListaContatosViewController.swift; sourceTree = "<group>"; };
		C0893F411F67699500A8200A /* ContatosIP67.app */ = {isa = PBXFileReference; explicitFileType = wrapper.application; includeInIndex = 0; path = ContatosIP67.app; sourceTree = BUILT_PRODUCTS_DIR; };
		C0893F441F67699500A8200A /* AppDelegate.swift */ = {isa = PBXFileReference; lastKnownFileType = sourcecode.swift; path = AppDelegate.swift; sourceTree = "<group>"; };
		C0893F461F67699500A8200A /* FormularioContatoViewController.swift */ = {isa = PBXFileReference; lastKnownFileType = sourcecode.swift; path = FormularioContatoViewController.swift; sourceTree = "<group>"; };
		C0893F491F67699500A8200A /* Base */ = {isa = PBXFileReference; lastKnownFileType = file.storyboard; name = Base; path = Base.lproj/Main.storyboard; sourceTree = "<group>"; };
		C0893F4C1F67699500A8200A /* ContatosIP67.xcdatamodel */ = {isa = PBXFileReference; lastKnownFileType = wrapper.xcdatamodel; path = ContatosIP67.xcdatamodel; sourceTree = "<group>"; };
		C0893F4E1F67699600A8200A /* Assets.xcassets */ = {isa = PBXFileReference; lastKnownFileType = folder.assetcatalog; path = Assets.xcassets; sourceTree = "<group>"; };
		C0893F511F67699600A8200A /* Base */ = {isa = PBXFileReference; lastKnownFileType = file.storyboard; name = Base; path = Base.lproj/LaunchScreen.storyboard; sourceTree = "<group>"; };
		C0893F531F67699600A8200A /* Info.plist */ = {isa = PBXFileReference; lastKnownFileType = text.plist.xml; path = Info.plist; sourceTree = "<group>"; };
		C0893F581F67699600A8200A /* ContatosIP67Tests.xctest */ = {isa = PBXFileReference; explicitFileType = wrapper.cfbundle; includeInIndex = 0; path = ContatosIP67Tests.xctest; sourceTree = BUILT_PRODUCTS_DIR; };
		C0893F5C1F67699600A8200A /* ContatosIP67Tests.swift */ = {isa = PBXFileReference; lastKnownFileType = sourcecode.swift; path = ContatosIP67Tests.swift; sourceTree = "<group>"; };
		C0893F5E1F67699600A8200A /* Info.plist */ = {isa = PBXFileReference; lastKnownFileType = text.plist.xml; path = Info.plist; sourceTree = "<group>"; };
		C0893F631F67699600A8200A /* ContatosIP67UITests.xctest */ = {isa = PBXFileReference; explicitFileType = wrapper.cfbundle; includeInIndex = 0; path = ContatosIP67UITests.xctest; sourceTree = BUILT_PRODUCTS_DIR; };
		C0893F671F67699600A8200A /* ContatosIP67UITests.swift */ = {isa = PBXFileReference; lastKnownFileType = sourcecode.swift; path = ContatosIP67UITests.swift; sourceTree = "<group>"; };
		C0893F691F67699600A8200A /* Info.plist */ = {isa = PBXFileReference; lastKnownFileType = text.plist.xml; path = Info.plist; sourceTree = "<group>"; };
		C0FAB0241F6A101D0099B90D /* FormularioContatoViewControllerDelegate.swift */ = {isa = PBXFileReference; fileEncoding = 4; lastKnownFileType = sourcecode.swift; name = FormularioContatoViewControllerDelegate.swift; path = ../FormularioContatoViewControllerDelegate.swift; sourceTree = "<group>"; };
/* End PBXFileReference section */

/* Begin PBXFrameworksBuildPhase section */
		C0893F3E1F67699500A8200A /* Frameworks */ = {
			isa = PBXFrameworksBuildPhase;
			buildActionMask = 2147483647;
			files = (
			);
			runOnlyForDeploymentPostprocessing = 0;
		};
		C0893F551F67699600A8200A /* Frameworks */ = {
			isa = PBXFrameworksBuildPhase;
			buildActionMask = 2147483647;
			files = (
			);
			runOnlyForDeploymentPostprocessing = 0;
		};
		C0893F601F67699600A8200A /* Frameworks */ = {
			isa = PBXFrameworksBuildPhase;
			buildActionMask = 2147483647;
			files = (
			);
			runOnlyForDeploymentPostprocessing = 0;
		};
/* End PBXFrameworksBuildPhase section */

/* Begin PBXGroup section */
		C0893F381F67699500A8200A = {
			isa = PBXGroup;
			children = (
				C0893F431F67699500A8200A /* ContatosIP67 */,
				C0893F5B1F67699600A8200A /* ContatosIP67Tests */,
				C0893F661F67699600A8200A /* ContatosIP67UITests */,
				C0893F421F67699500A8200A /* Products */,
			);
			sourceTree = "<group>";
		};
		C0893F421F67699500A8200A /* Products */ = {
			isa = PBXGroup;
			children = (
				C0893F411F67699500A8200A /* ContatosIP67.app */,
				C0893F581F67699600A8200A /* ContatosIP67Tests.xctest */,
				C0893F631F67699600A8200A /* ContatosIP67UITests.xctest */,
			);
			name = Products;
			sourceTree = "<group>";
		};
		C0893F431F67699500A8200A /* ContatosIP67 */ = {
			isa = PBXGroup;
			children = (
				C0893F441F67699500A8200A /* AppDelegate.swift */,
				C0893F461F67699500A8200A /* FormularioContatoViewController.swift */,
				C0FAB0241F6A101D0099B90D /* FormularioContatoViewControllerDelegate.swift */,
				C00702561F68B0470090F71D /* ContatoDao.swift */,
				C02F76811F68BF360034A0E6 /* ListaContatosViewController.swift */,
				C00702531F68A1830090F71D /* Contato.h */,
				C00702541F68A1830090F71D /* Contato.m */,
				C0893F481F67699500A8200A /* Main.storyboard */,
				C0893F4E1F67699600A8200A /* Assets.xcassets */,
				C0893F501F67699600A8200A /* LaunchScreen.storyboard */,
				C0893F531F67699600A8200A /* Info.plist */,
				C0893F4B1F67699500A8200A /* ContatosIP67.xcdatamodeld */,
				C00702521F68A1830090F71D /* ContatosIP67-Bridging-Header.h */,
			);
			path = ContatosIP67;
			sourceTree = "<group>";
		};
		C0893F5B1F67699600A8200A /* ContatosIP67Tests */ = {
			isa = PBXGroup;
			children = (
				C0893F5C1F67699600A8200A /* ContatosIP67Tests.swift */,
				C0893F5E1F67699600A8200A /* Info.plist */,
			);
			path = ContatosIP67Tests;
			sourceTree = "<group>";
		};
		C0893F661F67699600A8200A /* ContatosIP67UITests */ = {
			isa = PBXGroup;
			children = (
				C0893F671F67699600A8200A /* ContatosIP67UITests.swift */,
				C0893F691F67699600A8200A /* Info.plist */,
			);
			path = ContatosIP67UITests;
			sourceTree = "<group>";
		};
/* End PBXGroup section */

/* Begin PBXNativeTarget section */
		C0893F401F67699500A8200A /* ContatosIP67 */ = {
			isa = PBXNativeTarget;
			buildConfigurationList = C0893F6C1F67699600A8200A /* Build configuration list for PBXNativeTarget "ContatosIP67" */;
			buildPhases = (
				C0893F3D1F67699500A8200A /* Sources */,
				C0893F3E1F67699500A8200A /* Frameworks */,
				C0893F3F1F67699500A8200A /* Resources */,
			);
			buildRules = (
			);
			dependencies = (
			);
			name = ContatosIP67;
			productName = ContatosIP67;
			productReference = C0893F411F67699500A8200A /* ContatosIP67.app */;
			productType = "com.apple.product-type.application";
		};
		C0893F571F67699600A8200A /* ContatosIP67Tests */ = {
			isa = PBXNativeTarget;
			buildConfigurationList = C0893F6F1F67699600A8200A /* Build configuration list for PBXNativeTarget "ContatosIP67Tests" */;
			buildPhases = (
				C0893F541F67699600A8200A /* Sources */,
				C0893F551F67699600A8200A /* Frameworks */,
				C0893F561F67699600A8200A /* Resources */,
			);
			buildRules = (
			);
			dependencies = (
				C0893F5A1F67699600A8200A /* PBXTargetDependency */,
			);
			name = ContatosIP67Tests;
			productName = ContatosIP67Tests;
			productReference = C0893F581F67699600A8200A /* ContatosIP67Tests.xctest */;
			productType = "com.apple.product-type.bundle.unit-test";
		};
		C0893F621F67699600A8200A /* ContatosIP67UITests */ = {
			isa = PBXNativeTarget;
			buildConfigurationList = C0893F721F67699600A8200A /* Build configuration list for PBXNativeTarget "ContatosIP67UITests" */;
			buildPhases = (
				C0893F5F1F67699600A8200A /* Sources */,
				C0893F601F67699600A8200A /* Frameworks */,
				C0893F611F67699600A8200A /* Resources */,
			);
			buildRules = (
			);
			dependencies = (
				C0893F651F67699600A8200A /* PBXTargetDependency */,
			);
			name = ContatosIP67UITests;
			productName = ContatosIP67UITests;
			productReference = C0893F631F67699600A8200A /* ContatosIP67UITests.xctest */;
			productType = "com.apple.product-type.bundle.ui-testing";
		};
/* End PBXNativeTarget section */

/* Begin PBXProject section */
		C0893F391F67699500A8200A /* Project object */ = {
			isa = PBXProject;
			attributes = {
				LastSwiftUpdateCheck = 0800;
				LastUpgradeCheck = 0800;
				ORGANIZATIONNAME = Caelum;
				TargetAttributes = {
					C0893F401F67699500A8200A = {
						CreatedOnToolsVersion = 8.0;
						LastSwiftMigration = 0800;
						ProvisioningStyle = Automatic;
					};
					C0893F571F67699600A8200A = {
						CreatedOnToolsVersion = 8.0;
						ProvisioningStyle = Automatic;
						TestTargetID = C0893F401F67699500A8200A;
					};
					C0893F621F67699600A8200A = {
						CreatedOnToolsVersion = 8.0;
						ProvisioningStyle = Automatic;
						TestTargetID = C0893F401F67699500A8200A;
					};
				};
			};
			buildConfigurationList = C0893F3C1F67699500A8200A /* Build configuration list for PBXProject "ContatosIP67" */;
			compatibilityVersion = "Xcode 3.2";
			developmentRegion = English;
			hasScannedForEncodings = 0;
			knownRegions = (
				en,
				Base,
			);
			mainGroup = C0893F381F67699500A8200A;
			productRefGroup = C0893F421F67699500A8200A /* Products */;
			projectDirPath = "";
			projectRoot = "";
			targets = (
				C0893F401F67699500A8200A /* ContatosIP67 */,
				C0893F571F67699600A8200A /* ContatosIP67Tests */,
				C0893F621F67699600A8200A /* ContatosIP67UITests */,
			);
		};
/* End PBXProject section */

/* Begin PBXResourcesBuildPhase section */
		C0893F3F1F67699500A8200A /* Resources */ = {
			isa = PBXResourcesBuildPhase;
			buildActionMask = 2147483647;
			files = (
				C0893F521F67699600A8200A /* LaunchScreen.storyboard in Resources */,
				C0893F4F1F67699600A8200A /* Assets.xcassets in Resources */,
				C0893F4A1F67699500A8200A /* Main.storyboard in Resources */,
			);
			runOnlyForDeploymentPostprocessing = 0;
		};
		C0893F561F67699600A8200A /* Resources */ = {
			isa = PBXResourcesBuildPhase;
			buildActionMask = 2147483647;
			files = (
			);
			runOnlyForDeploymentPostprocessing = 0;
		};
		C0893F611F67699600A8200A /* Resources */ = {
			isa = PBXResourcesBuildPhase;
			buildActionMask = 2147483647;
			files = (
			);
			runOnlyForDeploymentPostprocessing = 0;
		};
/* End PBXResourcesBuildPhase section */

/* Begin PBXSourcesBuildPhase section */
		C0893F3D1F67699500A8200A /* Sources */ = {
			isa = PBXSourcesBuildPhase;
			buildActionMask = 2147483647;
			files = (
				C00702551F68A1830090F71D /* Contato.m in Sources */,
				C0893F471F67699500A8200A /* FormularioContatoViewController.swift in Sources */,
				C00702571F68B0470090F71D /* ContatoDao.swift in Sources */,
				C0FAB0251F6A101D0099B90D /* FormularioContatoViewControllerDelegate.swift in Sources */,
				C02F76821F68BF360034A0E6 /* ListaContatosViewController.swift in Sources */,
				C0893F4D1F67699600A8200A /* ContatosIP67.xcdatamodeld in Sources */,
				C0893F451F67699500A8200A /* AppDelegate.swift in Sources */,
			);
			runOnlyForDeploymentPostprocessing = 0;
		};
		C0893F541F67699600A8200A /* Sources */ = {
			isa = PBXSourcesBuildPhase;
			buildActionMask = 2147483647;
			files = (
				C0893F5D1F67699600A8200A /* ContatosIP67Tests.swift in Sources */,
			);
			runOnlyForDeploymentPostprocessing = 0;
		};
		C0893F5F1F67699600A8200A /* Sources */ = {
			isa = PBXSourcesBuildPhase;
			buildActionMask = 2147483647;
			files = (
				C0893F681F67699600A8200A /* ContatosIP67UITests.swift in Sources */,
			);
			runOnlyForDeploymentPostprocessing = 0;
		};
/* End PBXSourcesBuildPhase section */

/* Begin PBXTargetDependency section */
		C0893F5A1F67699600A8200A /* PBXTargetDependency */ = {
			isa = PBXTargetDependency;
			target = C0893F401F67699500A8200A /* ContatosIP67 */;
			targetProxy = C0893F591F67699600A8200A /* PBXContainerItemProxy */;
		};
		C0893F651F67699600A8200A /* PBXTargetDependency */ = {
			isa = PBXTargetDependency;
			target = C0893F401F67699500A8200A /* ContatosIP67 */;
			targetProxy = C0893F641F67699600A8200A /* PBXContainerItemProxy */;
		};
/* End PBXTargetDependency section */

/* Begin PBXVariantGroup section */
		C0893F481F67699500A8200A /* Main.storyboard */ = {
			isa = PBXVariantGroup;
			children = (
				C0893F491F67699500A8200A /* Base */,
			);
			name = Main.storyboard;
			sourceTree = "<group>";
		};
		C0893F501F67699600A8200A /* LaunchScreen.storyboard */ = {
			isa = PBXVariantGroup;
			children = (
				C0893F511F67699600A8200A /* Base */,
			);
			name = LaunchScreen.storyboard;
			sourceTree = "<group>";
		};
/* End PBXVariantGroup section */

/* Begin XCBuildConfiguration section */
		C0893F6A1F67699600A8200A /* Debug */ = {
			isa = XCBuildConfiguration;
			buildSettings = {
				ALWAYS_SEARCH_USER_PATHS = NO;
				CLANG_ANALYZER_NONNULL = YES;
				CLANG_CXX_LANGUAGE_STANDARD = "gnu++0x";
				CLANG_CXX_LIBRARY = "libc++";
				CLANG_ENABLE_MODULES = YES;
				CLANG_ENABLE_OBJC_ARC = YES;
				CLANG_WARN_BOOL_CONVERSION = YES;
				CLANG_WARN_CONSTANT_CONVERSION = YES;
				CLANG_WARN_DIRECT_OBJC_ISA_USAGE = YES_ERROR;
				CLANG_WARN_DOCUMENTATION_COMMENTS = YES;
				CLANG_WARN_EMPTY_BODY = YES;
				CLANG_WARN_ENUM_CONVERSION = YES;
				CLANG_WARN_INFINITE_RECURSION = YES;
				CLANG_WARN_INT_CONVERSION = YES;
				CLANG_WARN_OBJC_ROOT_CLASS = YES_ERROR;
				CLANG_WARN_SUSPICIOUS_MOVES = YES;
				CLANG_WARN_UNREACHABLE_CODE = YES;
				CLANG_WARN__DUPLICATE_METHOD_MATCH = YES;
				"CODE_SIGN_IDENTITY[sdk=iphoneos*]" = "iPhone Developer";
				COPY_PHASE_STRIP = NO;
				DEBUG_INFORMATION_FORMAT = dwarf;
				ENABLE_STRICT_OBJC_MSGSEND = YES;
				ENABLE_TESTABILITY = YES;
				GCC_C_LANGUAGE_STANDARD = gnu99;
				GCC_DYNAMIC_NO_PIC = NO;
				GCC_NO_COMMON_BLOCKS = YES;
				GCC_OPTIMIZATION_LEVEL = 0;
				GCC_PREPROCESSOR_DEFINITIONS = (
					"DEBUG=1",
					"$(inherited)",
				);
				GCC_WARN_64_TO_32_BIT_CONVERSION = YES;
				GCC_WARN_ABOUT_RETURN_TYPE = YES_ERROR;
				GCC_WARN_UNDECLARED_SELECTOR = YES;
				GCC_WARN_UNINITIALIZED_AUTOS = YES_AGGRESSIVE;
				GCC_WARN_UNUSED_FUNCTION = YES;
				GCC_WARN_UNUSED_VARIABLE = YES;
				IPHONEOS_DEPLOYMENT_TARGET = 10.0;
				MTL_ENABLE_DEBUG_INFO = YES;
				ONLY_ACTIVE_ARCH = YES;
				SDKROOT = iphoneos;
				SWIFT_ACTIVE_COMPILATION_CONDITIONS = DEBUG;
				SWIFT_OPTIMIZATION_LEVEL = "-Onone";
			};
			name = Debug;
		};
		C0893F6B1F67699600A8200A /* Release */ = {
			isa = XCBuildConfiguration;
			buildSettings = {
				ALWAYS_SEARCH_USER_PATHS = NO;
				CLANG_ANALYZER_NONNULL = YES;
				CLANG_CXX_LANGUAGE_STANDARD = "gnu++0x";
				CLANG_CXX_LIBRARY = "libc++";
				CLANG_ENABLE_MODULES = YES;
				CLANG_ENABLE_OBJC_ARC = YES;
				CLANG_WARN_BOOL_CONVERSION = YES;
				CLANG_WARN_CONSTANT_CONVERSION = YES;
				CLANG_WARN_DIRECT_OBJC_ISA_USAGE = YES_ERROR;
				CLANG_WARN_DOCUMENTATION_COMMENTS = YES;
				CLANG_WARN_EMPTY_BODY = YES;
				CLANG_WARN_ENUM_CONVERSION = YES;
				CLANG_WARN_INFINITE_RECURSION = YES;
				CLANG_WARN_INT_CONVERSION = YES;
				CLANG_WARN_OBJC_ROOT_CLASS = YES_ERROR;
				CLANG_WARN_SUSPICIOUS_MOVES = YES;
				CLANG_WARN_UNREACHABLE_CODE = YES;
				CLANG_WARN__DUPLICATE_METHOD_MATCH = YES;
				"CODE_SIGN_IDENTITY[sdk=iphoneos*]" = "iPhone Developer";
				COPY_PHASE_STRIP = NO;
				DEBUG_INFORMATION_FORMAT = "dwarf-with-dsym";
				ENABLE_NS_ASSERTIONS = NO;
				ENABLE_STRICT_OBJC_MSGSEND = YES;
				GCC_C_LANGUAGE_STANDARD = gnu99;
				GCC_NO_COMMON_BLOCKS = YES;
				GCC_WARN_64_TO_32_BIT_CONVERSION = YES;
				GCC_WARN_ABOUT_RETURN_TYPE = YES_ERROR;
				GCC_WARN_UNDECLARED_SELECTOR = YES;
				GCC_WARN_UNINITIALIZED_AUTOS = YES_AGGRESSIVE;
				GCC_WARN_UNUSED_FUNCTION = YES;
				GCC_WARN_UNUSED_VARIABLE = YES;
				IPHONEOS_DEPLOYMENT_TARGET = 10.0;
				MTL_ENABLE_DEBUG_INFO = NO;
				SDKROOT = iphoneos;
				SWIFT_OPTIMIZATION_LEVEL = "-Owholemodule";
				VALIDATE_PRODUCT = YES;
			};
			name = Release;
		};
		C0893F6D1F67699600A8200A /* Debug */ = {
			isa = XCBuildConfiguration;
			buildSettings = {
				ASSETCATALOG_COMPILER_APPICON_NAME = AppIcon;
				CLANG_ENABLE_MODULES = YES;
				INFOPLIST_FILE = ContatosIP67/Info.plist;
				LD_RUNPATH_SEARCH_PATHS = "$(inherited) @executable_path/Frameworks";
				PRODUCT_BUNDLE_IDENTIFIER = br.com.caelum.ContatosIP67;
				PRODUCT_NAME = "$(TARGET_NAME)";
				SWIFT_OBJC_BRIDGING_HEADER = "ContatosIP67/ContatosIP67-Bridging-Header.h";
				SWIFT_OPTIMIZATION_LEVEL = "-Onone";
				SWIFT_VERSION = 3.0;
			};
			name = Debug;
		};
		C0893F6E1F67699600A8200A /* Release */ = {
			isa = XCBuildConfiguration;
			buildSettings = {
				ASSETCATALOG_COMPILER_APPICON_NAME = AppIcon;
				CLANG_ENABLE_MODULES = YES;
				INFOPLIST_FILE = ContatosIP67/Info.plist;
				LD_RUNPATH_SEARCH_PATHS = "$(inherited) @executable_path/Frameworks";
				PRODUCT_BUNDLE_IDENTIFIER = br.com.caelum.ContatosIP67;
				PRODUCT_NAME = "$(TARGET_NAME)";
				SWIFT_OBJC_BRIDGING_HEADER = "ContatosIP67/ContatosIP67-Bridging-Header.h";
				SWIFT_VERSION = 3.0;
			};
			name = Release;
		};
		C0893F701F67699600A8200A /* Debug */ = {
			isa = XCBuildConfiguration;
			buildSettings = {
				ALWAYS_EMBED_SWIFT_STANDARD_LIBRARIES = YES;
				BUNDLE_LOADER = "$(TEST_HOST)";
				INFOPLIST_FILE = ContatosIP67Tests/Info.plist;
				LD_RUNPATH_SEARCH_PATHS = "$(inherited) @executable_path/Frameworks @loader_path/Frameworks";
				PRODUCT_BUNDLE_IDENTIFIER = br.com.caelum.ContatosIP67Tests;
				PRODUCT_NAME = "$(TARGET_NAME)";
				SWIFT_VERSION = 3.0;
				TEST_HOST = "$(BUILT_PRODUCTS_DIR)/ContatosIP67.app/ContatosIP67";
			};
			name = Debug;
		};
		C0893F711F67699600A8200A /* Release */ = {
			isa = XCBuildConfiguration;
			buildSettings = {
				ALWAYS_EMBED_SWIFT_STANDARD_LIBRARIES = YES;
				BUNDLE_LOADER = "$(TEST_HOST)";
				INFOPLIST_FILE = ContatosIP67Tests/Info.plist;
				LD_RUNPATH_SEARCH_PATHS = "$(inherited) @executable_path/Frameworks @loader_path/Frameworks";
				PRODUCT_BUNDLE_IDENTIFIER = br.com.caelum.ContatosIP67Tests;
				PRODUCT_NAME = "$(TARGET_NAME)";
				SWIFT_VERSION = 3.0;
				TEST_HOST = "$(BUILT_PRODUCTS_DIR)/ContatosIP67.app/ContatosIP67";
			};
			name = Release;
		};
		C0893F731F67699600A8200A /* Debug */ = {
			isa = XCBuildConfiguration;
			buildSettings = {
				ALWAYS_EMBED_SWIFT_STANDARD_LIBRARIES = YES;
				INFOPLIST_FILE = ContatosIP67UITests/Info.plist;
				LD_RUNPATH_SEARCH_PATHS = "$(inherited) @executable_path/Frameworks @loader_path/Frameworks";
				PRODUCT_BUNDLE_IDENTIFIER = br.com.caelum.ContatosIP67UITests;
				PRODUCT_NAME = "$(TARGET_NAME)";
				SWIFT_VERSION = 3.0;
				TEST_TARGET_NAME = ContatosIP67;
			};
			name = Debug;
		};
		C0893F741F67699600A8200A /* Release */ = {
			isa = XCBuildConfiguration;
			buildSettings = {
				ALWAYS_EMBED_SWIFT_STANDARD_LIBRARIES = YES;
				INFOPLIST_FILE = ContatosIP67UITests/Info.plist;
				LD_RUNPATH_SEARCH_PATHS = "$(inherited) @executable_path/Frameworks @loader_path/Frameworks";
				PRODUCT_BUNDLE_IDENTIFIER = br.com.caelum.ContatosIP67UITests;
				PRODUCT_NAME = "$(TARGET_NAME)";
				SWIFT_VERSION = 3.0;
				TEST_TARGET_NAME = ContatosIP67;
			};
			name = Release;
		};
/* End XCBuildConfiguration section */

/* Begin XCConfigurationList section */
		C0893F3C1F67699500A8200A /* Build configuration list for PBXProject "ContatosIP67" */ = {
			isa = XCConfigurationList;
			buildConfigurations = (
				C0893F6A1F67699600A8200A /* Debug */,
				C0893F6B1F67699600A8200A /* Release */,
			);
			defaultConfigurationIsVisible = 0;
			defaultConfigurationName = Release;
		};
		C0893F6C1F67699600A8200A /* Build configuration list for PBXNativeTarget "ContatosIP67" */ = {
			isa = XCConfigurationList;
			buildConfigurations = (
				C0893F6D1F67699600A8200A /* Debug */,
				C0893F6E1F67699600A8200A /* Release */,
			);
			defaultConfigurationIsVisible = 0;
			defaultConfigurationName = Release;
		};
		C0893F6F1F67699600A8200A /* Build configuration list for PBXNativeTarget "ContatosIP67Tests" */ = {
			isa = XCConfigurationList;
			buildConfigurations = (
				C0893F701F67699600A8200A /* Debug */,
				C0893F711F67699600A8200A /* Release */,
			);
			defaultConfigurationIsVisible = 0;
			defaultConfigurationName = Release;
		};
		C0893F721F67699600A8200A /* Build configuration list for PBXNativeTarget "ContatosIP67UITests" */ = {
			isa = XCConfigurationList;
			buildConfigurations = (
				C0893F731F67699600A8200A /* Debug */,
				C0893F741F67699600A8200A /* Release */,
			);
			defaultConfigurationIsVisible = 0;
			defaultConfigurationName = Release;
		};
/* End XCConfigurationList section */

/* Begin XCVersionGroup section */
		C0893F4B1F67699500A8200A /* ContatosIP67.xcdatamodeld */ = {
			isa = XCVersionGroup;
			children = (
				C0893F4C1F67699500A8200A /* ContatosIP67.xcdatamodel */,
			);
			currentVersion = C0893F4C1F67699500A8200A /* ContatosIP67.xcdatamodel */;
			path = ContatosIP67.xcdatamodeld;
			sourceTree = "<group>";
			versionGroupType = wrapper.xcdatamodel;
		};
/* End XCVersionGroup section */
	};
	rootObject = C0893F391F67699500A8200A /* Project object */;
}
